dependencies:
  espressif/esp32-camera:
    component_hash: e00e75c24164b5d097bf98f325938558697916a0cb6b68872b9927587b46882a
    source:
      service_url: https://api.components.espressif.com/
      type: service
    version: 2.0.8
  idf:
    component_hash: null
    source:
      type: idf
    version: 5.0.0
manifest_hash: 742786643efb733e3925a7c9d50d799b16c735edcd91e9f5b894eaea225196e1
target: esp32s3
version: 1.0.0
