dependencies:
  espressif/esp32-camera:
    component_hash: a1933162caca04a3a3bb0dca00bb56fcb3c50cd3779ab2f2b03ad8536e9bd0d0
    source:
      service_url: https://api.components.espressif.com/
      type: service
    version: 2.0.9
  idf:
    component_hash: null
    source:
      type: idf
    version: 5.2.1
manifest_hash: 742786643efb733e3925a7c9d50d799b16c735edcd91e9f5b894eaea225196e1
target: esp32s3
version: 1.0.0
